
Microsoft Visual Studio Solution File, Format Version 12.00
# Visual Studio Version 17
VisualStudioVersion = 17.4.33213.308
MinimumVisualStudioVersion = 10.0.40219.1
Project("{FAE04EC0-301F-11D3-BF4B-00C04F79EFBC}") = "Escuela02", "Escuela02\Escuela02.csproj", "{AB667803-FA58-40A4-9841-354DCA9B466B}"
EndProject
Global
	GlobalSection(SolutionConfigurationPlatforms) = preSolution
		Debug|Any CPU = Debug|Any CPU
		Release|Any CPU = Release|Any CPU
	EndGlobalSection
	GlobalSection(ProjectConfigurationPlatforms) = postSolution
		{AB667803-FA58-40A4-9841-354DCA9B466B}.Debug|Any CPU.ActiveCfg = Debug|Any CPU
		{AB667803-FA58-40A4-9841-354DCA9B466B}.Debug|Any CPU.Build.0 = Debug|Any CPU
		{AB667803-FA58-40A4-9841-354DCA9B466B}.Release|Any CPU.ActiveCfg = Release|Any CPU
		{AB667803-FA58-40A4-9841-354DCA9B466B}.Release|Any CPU.Build.0 = Release|Any CPU
	EndGlobalSection
	GlobalSection(SolutionProperties) = preSolution
		HideSolutionNode = FALSE
	EndGlobalSection
	GlobalSection(ExtensibilityGlobals) = postSolution
		SolutionGuid = {4C9BDC24-2D43-4CAD-8D16-F5114469493C}
	EndGlobalSection
EndGlobal
